// !$*UTF8*$!
{
	archiveVersion = 1;
	classes = {
	};
	objectVersion = 50;
	objects = {

/* Begin PBXBuildFile section */
		5F732C1223579D89008B53DA /* AppDelegate.swift in Sources */ = {isa = PBXBuildFile; fileRef = 5F732C1123579D89008B53DA /* AppDelegate.swift */; };
		5F732C1423579D89008B53DA /* SceneDelegate.swift in Sources */ = {isa = PBXBuildFile; fileRef = 5F732C1323579D89008B53DA /* SceneDelegate.swift */; };
		5F732C1623579D89008B53DA /* ViewController.swift in Sources */ = {isa = PBXBuildFile; fileRef = 5F732C1523579D89008B53DA /* ViewController.swift */; };
		5F732C1923579D89008B53DA /* Main.storyboard in Resources */ = {isa = PBXBuildFile; fileRef = 5F732C1723579D89008B53DA /* Main.storyboard */; };
		5F732C1B23579D8A008B53DA /* Assets.xcassets in Resources */ = {isa = PBXBuildFile; fileRef = 5F732C1A23579D8A008B53DA /* Assets.xcassets */; };
		5F732C1E23579D8A008B53DA /* LaunchScreen.storyboard in Resources */ = {isa = PBXBuildFile; fileRef = 5F732C1C23579D8A008B53DA /* LaunchScreen.storyboard */; };
		5F732C2623579DC5008B53DA /* SlideRuler.swift in Sources */ = {isa = PBXBuildFile; fileRef = 5F732C2523579DC5008B53DA /* SlideRuler.swift */; };
		5F732C2C2359026B008B53DA /* ProcessIndicatorView.swift in Sources */ = {isa = PBXBuildFile; fileRef = 5F732C292359026A008B53DA /* ProcessIndicatorView.swift */; };
		5F732C2D2359026B008B53DA /* DialBoard.swift in Sources */ = {isa = PBXBuildFile; fileRef = 5F732C2A2359026A008B53DA /* DialBoard.swift */; };
		5F732C2E2359026B008B53DA /* IndicatorContainer.swift in Sources */ = {isa = PBXBuildFile; fileRef = 5F732C2B2359026A008B53DA /* IndicatorContainer.swift */; };
		5FE0BB9C235BE99B007EFB8E /* Inchworm.swift in Sources */ = {isa = PBXBuildFile; fileRef = 5FE0BB9B235BE99B007EFB8E /* Inchworm.swift */; };
/* End PBXBuildFile section */

/* Begin PBXFileReference section */
		5F732C0E23579D89008B53DA /* InchwormExample.app */ = {isa = PBXFileReference; explicitFileType = wrapper.application; includeInIndex = 0; path = InchwormExample.app; sourceTree = BUILT_PRODUCTS_DIR; };
		5F732C1123579D89008B53DA /* AppDelegate.swift */ = {isa = PBXFileReference; lastKnownFileType = sourcecode.swift; path = AppDelegate.swift; sourceTree = "<group>"; };
		5F732C1323579D89008B53DA /* SceneDelegate.swift */ = {isa = PBXFileReference; lastKnownFileType = sourcecode.swift; path = SceneDelegate.swift; sourceTree = "<group>"; };
		5F732C1523579D89008B53DA /* ViewController.swift */ = {isa = PBXFileReference; lastKnownFileType = sourcecode.swift; path = ViewController.swift; sourceTree = "<group>"; };
		5F732C1823579D89008B53DA /* Base */ = {isa = PBXFileReference; lastKnownFileType = file.storyboard; name = Base; path = Base.lproj/Main.storyboard; sourceTree = "<group>"; };
		5F732C1A23579D8A008B53DA /* Assets.xcassets */ = {isa = PBXFileReference; lastKnownFileType = folder.assetcatalog; path = Assets.xcassets; sourceTree = "<group>"; };
		5F732C1D23579D8A008B53DA /* Base */ = {isa = PBXFileReference; lastKnownFileType = file.storyboard; name = Base; path = Base.lproj/LaunchScreen.storyboard; sourceTree = "<group>"; };
		5F732C1F23579D8A008B53DA /* Info.plist */ = {isa = PBXFileReference; lastKnownFileType = text.plist.xml; path = Info.plist; sourceTree = "<group>"; };
		5F732C2523579DC5008B53DA /* SlideRuler.swift */ = {isa = PBXFileReference; fileEncoding = 4; lastKnownFileType = sourcecode.swift; name = SlideRuler.swift; path = ../../Inchworm/SlideRuler.swift; sourceTree = "<group>"; };
		5F732C292359026A008B53DA /* ProcessIndicatorView.swift */ = {isa = PBXFileReference; fileEncoding = 4; lastKnownFileType = sourcecode.swift; name = ProcessIndicatorView.swift; path = ../../Inchworm/ProcessIndicatorView.swift; sourceTree = "<group>"; };
		5F732C2A2359026A008B53DA /* DialBoard.swift */ = {isa = PBXFileReference; fileEncoding = 4; lastKnownFileType = sourcecode.swift; name = DialBoard.swift; path = ../../Inchworm/DialBoard.swift; sourceTree = "<group>"; };
		5F732C2B2359026A008B53DA /* IndicatorContainer.swift */ = {isa = PBXFileReference; fileEncoding = 4; lastKnownFileType = sourcecode.swift; name = IndicatorContainer.swift; path = ../../Inchworm/IndicatorContainer.swift; sourceTree = "<group>"; };
		5FE0BB9B235BE99B007EFB8E /* Inchworm.swift */ = {isa = PBXFileReference; fileEncoding = 4; lastKnownFileType = sourcecode.swift; name = Inchworm.swift; path = ../../Inchworm/Inchworm.swift; sourceTree = "<group>"; };
/* End PBXFileReference section */

/* Begin PBXFrameworksBuildPhase section */
		5F732C0B23579D89008B53DA /* Frameworks */ = {
			isa = PBXFrameworksBuildPhase;
			buildActionMask = 2147483647;
			files = (
			);
			runOnlyForDeploymentPostprocessing = 0;
		};
/* End PBXFrameworksBuildPhase section */

/* Begin PBXGroup section */
		5F732C0523579D89008B53DA = {
			isa = PBXGroup;
			children = (
				5F732C1023579D89008B53DA /* InchwormExample */,
				5F732C0F23579D89008B53DA /* Products */,
			);
			sourceTree = "<group>";
		};
		5F732C0F23579D89008B53DA /* Products */ = {
			isa = PBXGroup;
			children = (
				5F732C0E23579D89008B53DA /* InchwormExample.app */,
			);
			name = Products;
			sourceTree = "<group>";
		};
		5F732C1023579D89008B53DA /* InchwormExample */ = {
			isa = PBXGroup;
			children = (
				5FE0BB9B235BE99B007EFB8E /* Inchworm.swift */,
				5F732C2A2359026A008B53DA /* DialBoard.swift */,
				5F732C2B2359026A008B53DA /* IndicatorContainer.swift */,
				5F732C292359026A008B53DA /* ProcessIndicatorView.swift */,
				5F732C2523579DC5008B53DA /* SlideRuler.swift */,
				5F732C1123579D89008B53DA /* AppDelegate.swift */,
				5F732C1323579D89008B53DA /* SceneDelegate.swift */,
				5F732C1523579D89008B53DA /* ViewController.swift */,
				5F732C1723579D89008B53DA /* Main.storyboard */,
				5F732C1A23579D8A008B53DA /* Assets.xcassets */,
				5F732C1C23579D8A008B53DA /* LaunchScreen.storyboard */,
				5F732C1F23579D8A008B53DA /* Info.plist */,
			);
			path = InchwormExample;
			sourceTree = "<group>";
		};
/* End PBXGroup section */

/* Begin PBXNativeTarget section */
		5F732C0D23579D89008B53DA /* InchwormExample */ = {
			isa = PBXNativeTarget;
			buildConfigurationList = 5F732C2223579D8A008B53DA /* Build configuration list for PBXNativeTarget "InchwormExample" */;
			buildPhases = (
				5F732C0A23579D89008B53DA /* Sources */,
				5F732C0B23579D89008B53DA /* Frameworks */,
				5F732C0C23579D89008B53DA /* Resources */,
			);
			buildRules = (
			);
			dependencies = (
			);
			name = InchwormExample;
			productName = InchwormExample;
			productReference = 5F732C0E23579D89008B53DA /* InchwormExample.app */;
			productType = "com.apple.product-type.application";
		};
/* End PBXNativeTarget section */

/* Begin PBXProject section */
		5F732C0623579D89008B53DA /* Project object */ = {
			isa = PBXProject;
			attributes = {
				LastSwiftUpdateCheck = 1110;
				LastUpgradeCheck = 1110;
				ORGANIZATIONNAME = Echo;
				TargetAttributes = {
					5F732C0D23579D89008B53DA = {
						CreatedOnToolsVersion = 11.1;
					};
				};
			};
			buildConfigurationList = 5F732C0923579D89008B53DA /* Build configuration list for PBXProject "InchwormExample" */;
			compatibilityVersion = "Xcode 9.3";
			developmentRegion = en;
			hasScannedForEncodings = 0;
			knownRegions = (
				en,
				Base,
			);
			mainGroup = 5F732C0523579D89008B53DA;
			productRefGroup = 5F732C0F23579D89008B53DA /* Products */;
			projectDirPath = "";
			projectRoot = "";
			targets = (
				5F732C0D23579D89008B53DA /* InchwormExample */,
			);
		};
/* End PBXProject section */

/* Begin PBXResourcesBuildPhase section */
		5F732C0C23579D89008B53DA /* Resources */ = {
			isa = PBXResourcesBuildPhase;
			buildActionMask = 2147483647;
			files = (
				5F732C1E23579D8A008B53DA /* LaunchScreen.storyboard in Resources */,
				5F732C1B23579D8A008B53DA /* Assets.xcassets in Resources */,
				5F732C1923579D89008B53DA /* Main.storyboard in Resources */,
			);
			runOnlyForDeploymentPostprocessing = 0;
		};
/* End PBXResourcesBuildPhase section */

/* Begin PBXSourcesBuildPhase section */
		5F732C0A23579D89008B53DA /* Sources */ = {
			isa = PBXSourcesBuildPhase;
			buildActionMask = 2147483647;
			files = (
				5FE0BB9C235BE99B007EFB8E /* Inchworm.swift in Sources */,
				5F732C1623579D89008B53DA /* ViewController.swift in Sources */,
				5F732C2E2359026B008B53DA /* IndicatorContainer.swift in Sources */,
				5F732C2D2359026B008B53DA /* DialBoard.swift in Sources */,
				5F732C1223579D89008B53DA /* AppDelegate.swift in Sources */,
				5F732C2623579DC5008B53DA /* SlideRuler.swift in Sources */,
				5F732C2C2359026B008B53DA /* ProcessIndicatorView.swift in Sources */,
				5F732C1423579D89008B53DA /* SceneDelegate.swift in Sources */,
			);
			runOnlyForDeploymentPostprocessing = 0;
		};
/* End PBXSourcesBuildPhase section */

/* Begin PBXVariantGroup section */
		5F732C1723579D89008B53DA /* Main.storyboard */ = {
			isa = PBXVariantGroup;
			children = (
				5F732C1823579D89008B53DA /* Base */,
			);
			name = Main.storyboard;
			sourceTree = "<group>";
		};
		5F732C1C23579D8A008B53DA /* LaunchScreen.storyboard */ = {
			isa = PBXVariantGroup;
			children = (
				5F732C1D23579D8A008B53DA /* Base */,
			);
			name = LaunchScreen.storyboard;
			sourceTree = "<group>";
		};
/* End PBXVariantGroup section */

/* Begin XCBuildConfiguration section */
		5F732C2023579D8A008B53DA /* Debug */ = {
			isa = XCBuildConfiguration;
			buildSettings = {
				ALWAYS_SEARCH_USER_PATHS = NO;
				CLANG_ANALYZER_NONNULL = YES;
				CLANG_ANALYZER_NUMBER_OBJECT_CONVERSION = YES_AGGRESSIVE;
				CLANG_CXX_LANGUAGE_STANDARD = "gnu++14";
				CLANG_CXX_LIBRARY = "libc++";
				CLANG_ENABLE_MODULES = YES;
				CLANG_ENABLE_OBJC_ARC = YES;
				CLANG_ENABLE_OBJC_WEAK = YES;
				CLANG_WARN_BLOCK_CAPTURE_AUTORELEASING = YES;
				CLANG_WARN_BOOL_CONVERSION = YES;
				CLANG_WARN_COMMA = YES;
				CLANG_WARN_CONSTANT_CONVERSION = YES;
				CLANG_WARN_DEPRECATED_OBJC_IMPLEMENTATIONS = YES;
				CLANG_WARN_DIRECT_OBJC_ISA_USAGE = YES_ERROR;
				CLANG_WARN_DOCUMENTATION_COMMENTS = YES;
				CLANG_WARN_EMPTY_BODY = YES;
				CLANG_WARN_ENUM_CONVERSION = YES;
				CLANG_WARN_INFINITE_RECURSION = YES;
				CLANG_WARN_INT_CONVERSION = YES;
				CLANG_WARN_NON_LITERAL_NULL_CONVERSION = YES;
				CLANG_WARN_OBJC_IMPLICIT_RETAIN_SELF = YES;
				CLANG_WARN_OBJC_LITERAL_CONVERSION = YES;
				CLANG_WARN_OBJC_ROOT_CLASS = YES_ERROR;
				CLANG_WARN_RANGE_LOOP_ANALYSIS = YES;
				CLANG_WARN_STRICT_PROTOTYPES = YES;
				CLANG_WARN_SUSPICIOUS_MOVE = YES;
				CLANG_WARN_UNGUARDED_AVAILABILITY = YES_AGGRESSIVE;
				CLANG_WARN_UNREACHABLE_CODE = YES;
				CLANG_WARN__DUPLICATE_METHOD_MATCH = YES;
				COPY_PHASE_STRIP = NO;
				DEBUG_INFORMATION_FORMAT = dwarf;
				ENABLE_STRICT_OBJC_MSGSEND = YES;
				ENABLE_TESTABILITY = YES;
				GCC_C_LANGUAGE_STANDARD = gnu11;
				GCC_DYNAMIC_NO_PIC = NO;
				GCC_NO_COMMON_BLOCKS = YES;
				GCC_OPTIMIZATION_LEVEL = 0;
				GCC_PREPROCESSOR_DEFINITIONS = (
					"DEBUG=1",
					"$(inherited)",
				);
				GCC_WARN_64_TO_32_BIT_CONVERSION = YES;
				GCC_WARN_ABOUT_RETURN_TYPE = YES_ERROR;
				GCC_WARN_UNDECLARED_SELECTOR = YES;
				GCC_WARN_UNINITIALIZED_AUTOS = YES_AGGRESSIVE;
				GCC_WARN_UNUSED_FUNCTION = YES;
				GCC_WARN_UNUSED_VARIABLE = YES;
				IPHONEOS_DEPLOYMENT_TARGET = 13.1;
				MTL_ENABLE_DEBUG_INFO = INCLUDE_SOURCE;
				MTL_FAST_MATH = YES;
				ONLY_ACTIVE_ARCH = YES;
				SDKROOT = iphoneos;
				SWIFT_ACTIVE_COMPILATION_CONDITIONS = DEBUG;
				SWIFT_OPTIMIZATION_LEVEL = "-Onone";
			};
			name = Debug;
		};
		5F732C2123579D8A008B53DA /* Release */ = {
			isa = XCBuildConfiguration;
			buildSettings = {
				ALWAYS_SEARCH_USER_PATHS = NO;
				CLANG_ANALYZER_NONNULL = YES;
				CLANG_ANALYZER_NUMBER_OBJECT_CONVERSION = YES_AGGRESSIVE;
				CLANG_CXX_LANGUAGE_STANDARD = "gnu++14";
				CLANG_CXX_LIBRARY = "libc++";
				CLANG_ENABLE_MODULES = YES;
				CLANG_ENABLE_OBJC_ARC = YES;
				CLANG_ENABLE_OBJC_WEAK = YES;
				CLANG_WARN_BLOCK_CAPTURE_AUTORELEASING = YES;
				CLANG_WARN_BOOL_CONVERSION = YES;
				CLANG_WARN_COMMA = YES;
				CLANG_WARN_CONSTANT_CONVERSION = YES;
				CLANG_WARN_DEPRECATED_OBJC_IMPLEMENTATIONS = YES;
				CLANG_WARN_DIRECT_OBJC_ISA_USAGE = YES_ERROR;
				CLANG_WARN_DOCUMENTATION_COMMENTS = YES;
				CLANG_WARN_EMPTY_BODY = YES;
				CLANG_WARN_ENUM_CONVERSION = YES;
				CLANG_WARN_INFINITE_RECURSION = YES;
				CLANG_WARN_INT_CONVERSION = YES;
				CLANG_WARN_NON_LITERAL_NULL_CONVERSION = YES;
				CLANG_WARN_OBJC_IMPLICIT_RETAIN_SELF = YES;
				CLANG_WARN_OBJC_LITERAL_CONVERSION = YES;
				CLANG_WARN_OBJC_ROOT_CLASS = YES_ERROR;
				CLANG_WARN_RANGE_LOOP_ANALYSIS = YES;
				CLANG_WARN_STRICT_PROTOTYPES = YES;
				CLANG_WARN_SUSPICIOUS_MOVE = YES;
				CLANG_WARN_UNGUARDED_AVAILABILITY = YES_AGGRESSIVE;
				CLANG_WARN_UNREACHABLE_CODE = YES;
				CLANG_WARN__DUPLICATE_METHOD_MATCH = YES;
				COPY_PHASE_STRIP = NO;
				DEBUG_INFORMATION_FORMAT = "dwarf-with-dsym";
				ENABLE_NS_ASSERTIONS = NO;
				ENABLE_STRICT_OBJC_MSGSEND = YES;
				GCC_C_LANGUAGE_STANDARD = gnu11;
				GCC_NO_COMMON_BLOCKS = YES;
				GCC_WARN_64_TO_32_BIT_CONVERSION = YES;
				GCC_WARN_ABOUT_RETURN_TYPE = YES_ERROR;
				GCC_WARN_UNDECLARED_SELECTOR = YES;
				GCC_WARN_UNINITIALIZED_AUTOS = YES_AGGRESSIVE;
				GCC_WARN_UNUSED_FUNCTION = YES;
				GCC_WARN_UNUSED_VARIABLE = YES;
				IPHONEOS_DEPLOYMENT_TARGET = 13.1;
				MTL_ENABLE_DEBUG_INFO = NO;
				MTL_FAST_MATH = YES;
				SDKROOT = iphoneos;
				SWIFT_COMPILATION_MODE = wholemodule;
				SWIFT_OPTIMIZATION_LEVEL = "-O";
				VALIDATE_PRODUCT = YES;
			};
			name = Release;
		};
		5F732C2323579D8A008B53DA /* Debug */ = {
			isa = XCBuildConfiguration;
			buildSettings = {
				ASSETCATALOG_COMPILER_APPICON_NAME = AppIcon;
				CODE_SIGN_STYLE = Automatic;
				DEVELOPMENT_TEAM = 3V26Q55U3S;
				INFOPLIST_FILE = InchwormExample/Info.plist;
				LD_RUNPATH_SEARCH_PATHS = (
					"$(inherited)",
					"@executable_path/Frameworks",
				);
				PRODUCT_BUNDLE_IDENTIFIER = com.echo.InchwormExample;
				PRODUCT_NAME = "$(TARGET_NAME)";
				SWIFT_VERSION = 5.0;
				TARGETED_DEVICE_FAMILY = "1,2";
			};
			name = Debug;
		};
		5F732C2423579D8A008B53DA /* Release */ = {
			isa = XCBuildConfiguration;
			buildSettings = {
				ASSETCATALOG_COMPILER_APPICON_NAME = AppIcon;
				CODE_SIGN_STYLE = Automatic;
				DEVELOPMENT_TEAM = 3V26Q55U3S;
				INFOPLIST_FILE = InchwormExample/Info.plist;
				LD_RUNPATH_SEARCH_PATHS = (
					"$(inherited)",
					"@executable_path/Frameworks",
				);
				PRODUCT_BUNDLE_IDENTIFIER = com.echo.InchwormExample;
				PRODUCT_NAME = "$(TARGET_NAME)";
				SWIFT_VERSION = 5.0;
				TARGETED_DEVICE_FAMILY = "1,2";
			};
			name = Release;
		};
/* End XCBuildConfiguration section */

/* Begin XCConfigurationList section */
		5F732C0923579D89008B53DA /* Build configuration list for PBXProject "InchwormExample" */ = {
			isa = XCConfigurationList;
			buildConfigurations = (
				5F732C2023579D8A008B53DA /* Debug */,
				5F732C2123579D8A008B53DA /* Release */,
			);
			defaultConfigurationIsVisible = 0;
			defaultConfigurationName = Release;
		};
		5F732C2223579D8A008B53DA /* Build configuration list for PBXNativeTarget "InchwormExample" */ = {
			isa = XCConfigurationList;
			buildConfigurations = (
				5F732C2323579D8A008B53DA /* Debug */,
				5F732C2423579D8A008B53DA /* Release */,
			);
			defaultConfigurationIsVisible = 0;
			defaultConfigurationName = Release;
		};
/* End XCConfigurationList section */
	};
	rootObject = 5F732C0623579D89008B53DA /* Project object */;
}
